
Microsoft Visual Studio Solution File, Format Version 12.00
# Visual Studio Version 18
VisualStudioVersion = 18.6.11822.322 stable
MinimumVisualStudioVersion = 10.0.40219.1
Project("{2150E333-8FDC-42A3-9474-1A3956D46DE8}") = "Solution Items", "Solution Items", "{88D2EF2C-8E19-4B31-8684-BBA4303B47FD}"
	ProjectSection(SolutionItems) = preProject
		Directory.Build.props = Directory.Build.props
		Directory.Packages.props = Directory.Packages.props
	EndProjectSection
EndProject
Project("{FAE04EC0-301F-11D3-BF4B-00C04F79EFBC}") = "KaraWeb.Host", "KaraWeb.Host\KaraWeb.Host.csproj", "{A9D9ECF1-26FA-F2E8-C2EF-AC8FBC982310}"
EndProject
Project("{FAE04EC0-301F-11D3-BF4B-00C04F79EFBC}") = "KaraWeb.Core", "KaraWeb.Core\KaraWeb.Core.csproj", "{B9676E82-515D-37D1-A998-B65FAD4BD023}"
EndProject
Project("{FAE04EC0-301F-11D3-BF4B-00C04F79EFBC}") = "KaraWeb.Shared", "KaraWeb.Shared\KaraWeb.Shared.csproj", "{33905A58-1893-A950-E468-17451DCB6838}"
EndProject
Global
	GlobalSection(SolutionConfigurationPlatforms) = preSolution
		Debug|Any CPU = Debug|Any CPU
		Release|Any CPU = Release|Any CPU
	EndGlobalSection
	GlobalSection(ProjectConfigurationPlatforms) = postSolution
		{A9D9ECF1-26FA-F2E8-C2EF-AC8FBC982310}.Debug|Any CPU.ActiveCfg = Debug|Any CPU
		{A9D9ECF1-26FA-F2E8-C2EF-AC8FBC982310}.Debug|Any CPU.Build.0 = Debug|Any CPU
		{A9D9ECF1-26FA-F2E8-C2EF-AC8FBC982310}.Release|Any CPU.ActiveCfg = Release|Any CPU
		{A9D9ECF1-26FA-F2E8-C2EF-AC8FBC982310}.Release|Any CPU.Build.0 = Release|Any CPU
		{B9676E82-515D-37D1-A998-B65FAD4BD023}.Debug|Any CPU.ActiveCfg = Debug|Any CPU
		{B9676E82-515D-37D1-A998-B65FAD4BD023}.Debug|Any CPU.Build.0 = Debug|Any CPU
		{B9676E82-515D-37D1-A998-B65FAD4BD023}.Release|Any CPU.ActiveCfg = Release|Any CPU
		{B9676E82-515D-37D1-A998-B65FAD4BD023}.Release|Any CPU.Build.0 = Release|Any CPU
		{33905A58-1893-A950-E468-17451DCB6838}.Debug|Any CPU.ActiveCfg = Debug|Any CPU
		{33905A58-1893-A950-E468-17451DCB6838}.Debug|Any CPU.Build.0 = Debug|Any CPU
		{33905A58-1893-A950-E468-17451DCB6838}.Release|Any CPU.ActiveCfg = Release|Any CPU
		{33905A58-1893-A950-E468-17451DCB6838}.Release|Any CPU.Build.0 = Release|Any CPU
	EndGlobalSection
	GlobalSection(SolutionProperties) = preSolution
		HideSolutionNode = FALSE
	EndGlobalSection
	GlobalSection(ExtensibilityGlobals) = postSolution
		SolutionGuid = {4588A8A0-9C49-4396-9A96-8B7C3EC70A5E}
	EndGlobalSection
EndGlobal
